
Microsoft Visual Studio Solution File, Format Version 12.00
# Visual Studio Version 17
VisualStudioVersion = 17.8.34309.116
MinimumVisualStudioVersion = 10.0.40219.1
Project("{FAE04EC0-301F-11D3-BF4B-00C04F79EFBC}") = "AspDotCoreAWS", "AspDotCoreAWS.csproj", "{D5490B35-3182-4E53-A910-8DB960B25583}"
EndProject
Global
	GlobalSection(SolutionConfigurationPlatforms) = preSolution
		Debug|Any CPU = Debug|Any CPU
		Release|Any CPU = Release|Any CPU
	EndGlobalSection
	GlobalSection(ProjectConfigurationPlatforms) = postSolution
		{D5490B35-3182-4E53-A910-8DB960B25583}.Debug|Any CPU.ActiveCfg = Debug|Any CPU
		{D5490B35-3182-4E53-A910-8DB960B25583}.Debug|Any CPU.Build.0 = Debug|Any CPU
		{D5490B35-3182-4E53-A910-8DB960B25583}.Release|Any CPU.ActiveCfg = Release|Any CPU
		{D5490B35-3182-4E53-A910-8DB960B25583}.Release|Any CPU.Build.0 = Release|Any CPU
	EndGlobalSection
	GlobalSection(SolutionProperties) = preSolution
		HideSolutionNode = FALSE
	EndGlobalSection
	GlobalSection(ExtensibilityGlobals) = postSolution
		SolutionGuid = {01D01E95-7583-487C-A5D2-42605B603F7C}
	EndGlobalSection
EndGlobal
